
Microsoft Visual Studio Solution File, Format Version 12.00
# Visual Studio Version 17
VisualStudioVersion = 17.4.33205.214
MinimumVisualStudioVersion = 10.0.40219.1
Project("{FAE04EC0-301F-11D3-BF4B-00C04F79EFBC}") = "ShapeMaker", "ShapeMaker\ShapeMaker.csproj", "{12D3E741-25B8-4F10-9000-4A53E14480D1}"
EndProject
Project("{FAE04EC0-301F-11D3-BF4B-00C04F79EFBC}") = "ShapeMakerTest", "ShapeMakerTest\ShapeMakerTest.csproj", "{811372CE-050C-42D5-8748-B09D9CC72347}"
EndProject
Global
	GlobalSection(SolutionConfigurationPlatforms) = preSolution
		Debug|Any CPU = Debug|Any CPU
		Release|Any CPU = Release|Any CPU
	EndGlobalSection
	GlobalSection(ProjectConfigurationPlatforms) = postSolution
		{12D3E741-25B8-4F10-9000-4A53E14480D1}.Debug|Any CPU.ActiveCfg = Debug|Any CPU
		{12D3E741-25B8-4F10-9000-4A53E14480D1}.Debug|Any CPU.Build.0 = Debug|Any CPU
		{12D3E741-25B8-4F10-9000-4A53E14480D1}.Release|Any CPU.ActiveCfg = Release|Any CPU
		{12D3E741-25B8-4F10-9000-4A53E14480D1}.Release|Any CPU.Build.0 = Release|Any CPU
		{811372CE-050C-42D5-8748-B09D9CC72347}.Debug|Any CPU.ActiveCfg = Debug|Any CPU
		{811372CE-050C-42D5-8748-B09D9CC72347}.Debug|Any CPU.Build.0 = Debug|Any CPU
		{811372CE-050C-42D5-8748-B09D9CC72347}.Release|Any CPU.ActiveCfg = Release|Any CPU
		{811372CE-050C-42D5-8748-B09D9CC72347}.Release|Any CPU.Build.0 = Release|Any CPU
	EndGlobalSection
	GlobalSection(SolutionProperties) = preSolution
		HideSolutionNode = FALSE
	EndGlobalSection
	GlobalSection(ExtensibilityGlobals) = postSolution
		SolutionGuid = {DF05D920-E696-47F5-A166-57ED028A20B6}
	EndGlobalSection
EndGlobal
